
Microsoft Visual Studio Solution File, Format Version 11.00
# Visual Studio 2010
# SharpDevelop 5.0
Project("{FAE04EC0-301F-11D3-BF4B-00C04F79EFBC}") = "WhiteMagic", "WhiteMagic.csproj", "{5721FBA5-FE77-4727-8BFE-13CD23ECE36E}"
EndProject
Global
	GlobalSection(SolutionConfigurationPlatforms) = preSolution
		Debug|Any CPU = Debug|Any CPU
		Release|Any CPU = Release|Any CPU
	EndGlobalSection
	GlobalSection(ProjectConfigurationPlatforms) = postSolution
		{5721FBA5-FE77-4727-8BFE-13CD23ECE36E}.Debug|Any CPU.ActiveCfg = Debug|Any CPU
		{5721FBA5-FE77-4727-8BFE-13CD23ECE36E}.Debug|Any CPU.Build.0 = Debug|Any CPU
		{5721FBA5-FE77-4727-8BFE-13CD23ECE36E}.Release|Any CPU.ActiveCfg = Release|Any CPU
		{5721FBA5-FE77-4727-8BFE-13CD23ECE36E}.Release|Any CPU.Build.0 = Release|Any CPU
	EndGlobalSection
EndGlobal
